// !$*UTF8*$!
{
	archiveVersion = 1;
	classes = {
	};
	objectVersion = 77;
	objects = {

/* Begin PBXContainerItemProxy section */
		14DBC8502E34F7B600DAD442 /* PBXContainerItemProxy */ = {
			isa = PBXContainerItemProxy;
			containerPortal = 14DBC8352E34F7B500DAD442 /* Project object */;
			proxyType = 1;
			remoteGlobalIDString = 14DBC83C2E34F7B500DAD442;
			remoteInfo = "Audio Journal";
		};
		14DBC85A2E34F7B600DAD442 /* PBXContainerItemProxy */ = {
			isa = PBXContainerItemProxy;
			containerPortal = 14DBC8352E34F7B500DAD442 /* Project object */;
			proxyType = 1;
			remoteGlobalIDString = 14DBC83C2E34F7B500DAD442;
			remoteInfo = "Audio Journal";
		};
/* End PBXContainerItemProxy section */

/* Begin PBXFileReference section */
		14DBC83D2E34F7B500DAD442 /* Audio Journal.app */ = {isa = PBXFileReference; explicitFileType = wrapper.application; includeInIndex = 0; path = "Audio Journal.app"; sourceTree = BUILT_PRODUCTS_DIR; };
		14DBC84F2E34F7B600DAD442 /* Audio JournalTests.xctest */ = {isa = PBXFileReference; explicitFileType = wrapper.cfbundle; includeInIndex = 0; path = "Audio JournalTests.xctest"; sourceTree = BUILT_PRODUCTS_DIR; };
		14DBC8592E34F7B600DAD442 /* Audio JournalUITests.xctest */ = {isa = PBXFileReference; explicitFileType = wrapper.cfbundle; includeInIndex = 0; path = "Audio JournalUITests.xctest"; sourceTree = BUILT_PRODUCTS_DIR; };
/* End PBXFileReference section */

/* Begin PBXFileSystemSynchronizedBuildFileExceptionSet section */
		14DBC8812E34FE1800DAD442 /* Exceptions for "Audio Journal" folder in "Audio Journal" target */ = {
			isa = PBXFileSystemSynchronizedBuildFileExceptionSet;
			membershipExceptions = (
				Info.plist,
			);
			target = 14DBC83C2E34F7B500DAD442 /* Audio Journal */;
		};
/* End PBXFileSystemSynchronizedBuildFileExceptionSet section */

/* Begin PBXFileSystemSynchronizedRootGroup section */
		14DBC83F2E34F7B500DAD442 /* Audio Journal */ = {
			isa = PBXFileSystemSynchronizedRootGroup;
			exceptions = (
				14DBC8812E34FE1800DAD442 /* Exceptions for "Audio Journal" folder in "Audio Journal" target */,
			);
			path = "Audio Journal";
			sourceTree = "<group>";
		};
		14DBC8522E34F7B600DAD442 /* Audio JournalTests */ = {
			isa = PBXFileSystemSynchronizedRootGroup;
			path = "Audio JournalTests";
			sourceTree = "<group>";
		};
		14DBC85C2E34F7B600DAD442 /* Audio JournalUITests */ = {
			isa = PBXFileSystemSynchronizedRootGroup;
			path = "Audio JournalUITests";
			sourceTree = "<group>";
		};
/* End PBXFileSystemSynchronizedRootGroup section */

/* Begin PBXFrameworksBuildPhase section */
		14DBC83A2E34F7B500DAD442 /* Frameworks */ = {
			isa = PBXFrameworksBuildPhase;
			buildActionMask = 2147483647;
			files = (
			);
			runOnlyForDeploymentPostprocessing = 0;
		};
		14DBC84C2E34F7B600DAD442 /* Frameworks */ = {
			isa = PBXFrameworksBuildPhase;
			buildActionMask = 2147483647;
			files = (
			);
			runOnlyForDeploymentPostprocessing = 0;
		};
		14DBC8562E34F7B600DAD442 /* Frameworks */ = {
			isa = PBXFrameworksBuildPhase;
			buildActionMask = 2147483647;
			files = (
			);
			runOnlyForDeploymentPostprocessing = 0;
		};
/* End PBXFrameworksBuildPhase section */

/* Begin PBXGroup section */
		14DBC8342E34F7B500DAD442 = {
			isa = PBXGroup;
			children = (
				14DBC83F2E34F7B500DAD442 /* Audio Journal */,
				14DBC8522E34F7B600DAD442 /* Audio JournalTests */,
				14DBC85C2E34F7B600DAD442 /* Audio JournalUITests */,
				14DBC83E2E34F7B500DAD442 /* Products */,
			);
			sourceTree = "<group>";
		};
		14DBC83E2E34F7B500DAD442 /* Products */ = {
			isa = PBXGroup;
			children = (
				14DBC83D2E34F7B500DAD442 /* Audio Journal.app */,
				14DBC84F2E34F7B600DAD442 /* Audio JournalTests.xctest */,
				14DBC8592E34F7B600DAD442 /* Audio JournalUITests.xctest */,
			);
			name = Products;
			sourceTree = "<group>";
		};
/* End PBXGroup section */

/* Begin PBXNativeTarget section */
		14DBC83C2E34F7B500DAD442 /* Audio Journal */ = {
			isa = PBXNativeTarget;
			buildConfigurationList = 14DBC8632E34F7B600DAD442 /* Build configuration list for PBXNativeTarget "Audio Journal" */;
			buildPhases = (
				14DBC8392E34F7B500DAD442 /* Sources */,
				14DBC83A2E34F7B500DAD442 /* Frameworks */,
				14DBC83B2E34F7B500DAD442 /* Resources */,
			);
			buildRules = (
			);
			dependencies = (
			);
			fileSystemSynchronizedGroups = (
				14DBC83F2E34F7B500DAD442 /* Audio Journal */,
			);
			name = "Audio Journal";
			packageProductDependencies = (
			);
			productName = "Audio Journal";
			productReference = 14DBC83D2E34F7B500DAD442 /* Audio Journal.app */;
			productType = "com.apple.product-type.application";
		};
		14DBC84E2E34F7B600DAD442 /* Audio JournalTests */ = {
			isa = PBXNativeTarget;
			buildConfigurationList = 14DBC8662E34F7B600DAD442 /* Build configuration list for PBXNativeTarget "Audio JournalTests" */;
			buildPhases = (
				14DBC84B2E34F7B600DAD442 /* Sources */,
				14DBC84C2E34F7B600DAD442 /* Frameworks */,
				14DBC84D2E34F7B600DAD442 /* Resources */,
			);
			buildRules = (
			);
			dependencies = (
				14DBC8512E34F7B600DAD442 /* PBXTargetDependency */,
			);
			fileSystemSynchronizedGroups = (
				14DBC8522E34F7B600DAD442 /* Audio JournalTests */,
			);
			name = "Audio JournalTests";
			packageProductDependencies = (
			);
			productName = "Audio JournalTests";
			productReference = 14DBC84F2E34F7B600DAD442 /* Audio JournalTests.xctest */;
			productType = "com.apple.product-type.bundle.unit-test";
		};
		14DBC8582E34F7B600DAD442 /* Audio JournalUITests */ = {
			isa = PBXNativeTarget;
			buildConfigurationList = 14DBC8692E34F7B600DAD442 /* Build configuration list for PBXNativeTarget "Audio JournalUITests" */;
			buildPhases = (
				14DBC8552E34F7B600DAD442 /* Sources */,
				14DBC8562E34F7B600DAD442 /* Frameworks */,
				14DBC8572E34F7B600DAD442 /* Resources */,
			);
			buildRules = (
			);
			dependencies = (
				14DBC85B2E34F7B600DAD442 /* PBXTargetDependency */,
			);
			fileSystemSynchronizedGroups = (
				14DBC85C2E34F7B600DAD442 /* Audio JournalUITests */,
			);
			name = "Audio JournalUITests";
			packageProductDependencies = (
			);
			productName = "Audio JournalUITests";
			productReference = 14DBC8592E34F7B600DAD442 /* Audio JournalUITests.xctest */;
			productType = "com.apple.product-type.bundle.ui-testing";
		};
/* End PBXNativeTarget section */

/* Begin PBXProject section */
		14DBC8352E34F7B500DAD442 /* Project object */ = {
			isa = PBXProject;
			attributes = {
				BuildIndependentTargetsInParallel = 1;
				LastSwiftUpdateCheck = 1640;
				LastUpgradeCheck = 1640;
				TargetAttributes = {
					14DBC83C2E34F7B500DAD442 = {
						CreatedOnToolsVersion = 16.4;
					};
					14DBC84E2E34F7B600DAD442 = {
						CreatedOnToolsVersion = 16.4;
						TestTargetID = 14DBC83C2E34F7B500DAD442;
					};
					14DBC8582E34F7B600DAD442 = {
						CreatedOnToolsVersion = 16.4;
						TestTargetID = 14DBC83C2E34F7B500DAD442;
					};
				};
			};
			buildConfigurationList = 14DBC8382E34F7B500DAD442 /* Build configuration list for PBXProject "Audio Journal" */;
			developmentRegion = en;
			hasScannedForEncodings = 0;
			knownRegions = (
				en,
				Base,
			);
			mainGroup = 14DBC8342E34F7B500DAD442;
			minimizedProjectReferenceProxies = 1;
			preferredProjectObjectVersion = 77;
			productRefGroup = 14DBC83E2E34F7B500DAD442 /* Products */;
			projectDirPath = "";
			projectRoot = "";
			targets = (
				14DBC83C2E34F7B500DAD442 /* Audio Journal */,
				14DBC84E2E34F7B600DAD442 /* Audio JournalTests */,
				14DBC8582E34F7B600DAD442 /* Audio JournalUITests */,
			);
		};
/* End PBXProject section */

/* Begin PBXResourcesBuildPhase section */
		14DBC83B2E34F7B500DAD442 /* Resources */ = {
			isa = PBXResourcesBuildPhase;
			buildActionMask = 2147483647;
			files = (
			);
			runOnlyForDeploymentPostprocessing = 0;
		};
		14DBC84D2E34F7B600DAD442 /* Resources */ = {
			isa = PBXResourcesBuildPhase;
			buildActionMask = 2147483647;
			files = (
			);
			runOnlyForDeploymentPostprocessing = 0;
		};
		14DBC8572E34F7B600DAD442 /* Resources */ = {
			isa = PBXResourcesBuildPhase;
			buildActionMask = 2147483647;
			files = (
			);
			runOnlyForDeploymentPostprocessing = 0;
		};
/* End PBXResourcesBuildPhase section */

/* Begin PBXSourcesBuildPhase section */
		14DBC8392E34F7B500DAD442 /* Sources */ = {
			isa = PBXSourcesBuildPhase;
			buildActionMask = 2147483647;
			files = (
			);
			runOnlyForDeploymentPostprocessing = 0;
		};
		14DBC84B2E34F7B600DAD442 /* Sources */ = {
			isa = PBXSourcesBuildPhase;
			buildActionMask = 2147483647;
			files = (
			);
			runOnlyForDeploymentPostprocessing = 0;
		};
		14DBC8552E34F7B600DAD442 /* Sources */ = {
			isa = PBXSourcesBuildPhase;
			buildActionMask = 2147483647;
			files = (
			);
			runOnlyForDeploymentPostprocessing = 0;
		};
/* End PBXSourcesBuildPhase section */

/* Begin PBXTargetDependency section */
		14DBC8512E34F7B600DAD442 /* PBXTargetDependency */ = {
			isa = PBXTargetDependency;
			target = 14DBC83C2E34F7B500DAD442 /* Audio Journal */;
			targetProxy = 14DBC8502E34F7B600DAD442 /* PBXContainerItemProxy */;
		};
		14DBC85B2E34F7B600DAD442 /* PBXTargetDependency */ = {
			isa = PBXTargetDependency;
			target = 14DBC83C2E34F7B500DAD442 /* Audio Journal */;
			targetProxy = 14DBC85A2E34F7B600DAD442 /* PBXContainerItemProxy */;
		};
/* End PBXTargetDependency section */

/* Begin XCBuildConfiguration section */
		14DBC8612E34F7B600DAD442 /* Debug */ = {
			isa = XCBuildConfiguration;
			buildSettings = {
				ALWAYS_SEARCH_USER_PATHS = NO;
				ASSETCATALOG_COMPILER_GENERATE_SWIFT_ASSET_SYMBOL_EXTENSIONS = YES;
				CLANG_ANALYZER_NONNULL = YES;
				CLANG_ANALYZER_NUMBER_OBJECT_CONVERSION = YES_AGGRESSIVE;
				CLANG_CXX_LANGUAGE_STANDARD = "gnu++20";
				CLANG_ENABLE_MODULES = YES;
				CLANG_ENABLE_OBJC_ARC = YES;
				CLANG_ENABLE_OBJC_WEAK = YES;
				CLANG_WARN_BLOCK_CAPTURE_AUTORELEASING = YES;
				CLANG_WARN_BOOL_CONVERSION = YES;
				CLANG_WARN_COMMA = YES;
				CLANG_WARN_CONSTANT_CONVERSION = YES;
				CLANG_WARN_DEPRECATED_OBJC_IMPLEMENTATIONS = YES;
				CLANG_WARN_DIRECT_OBJC_ISA_USAGE = YES_ERROR;
				CLANG_WARN_DOCUMENTATION_COMMENTS = YES;
				CLANG_WARN_EMPTY_BODY = YES;
				CLANG_WARN_ENUM_CONVERSION = YES;
				CLANG_WARN_INFINITE_RECURSION = YES;
				CLANG_WARN_INT_CONVERSION = YES;
				CLANG_WARN_NON_LITERAL_NULL_CONVERSION = YES;
				CLANG_WARN_OBJC_IMPLICIT_RETAIN_SELF = YES;
				CLANG_WARN_OBJC_LITERAL_CONVERSION = YES;
				CLANG_WARN_OBJC_ROOT_CLASS = YES_ERROR;
				CLANG_WARN_QUOTED_INCLUDE_IN_FRAMEWORK_HEADER = YES;
				CLANG_WARN_RANGE_LOOP_ANALYSIS = YES;
				CLANG_WARN_STRICT_PROTOTYPES = YES;
				CLANG_WARN_SUSPICIOUS_MOVE = YES;
				CLANG_WARN_UNGUARDED_AVAILABILITY = YES_AGGRESSIVE;
				CLANG_WARN_UNREACHABLE_CODE = YES;
				CLANG_WARN__DUPLICATE_METHOD_MATCH = YES;
				COPY_PHASE_STRIP = NO;
				DEBUG_INFORMATION_FORMAT = dwarf;
				DEVELOPMENT_TEAM = 4W55VW7UXX;
				ENABLE_STRICT_OBJC_MSGSEND = YES;
				ENABLE_TESTABILITY = YES;
				ENABLE_USER_SCRIPT_SANDBOXING = YES;
				GCC_C_LANGUAGE_STANDARD = gnu17;
				GCC_DYNAMIC_NO_PIC = NO;
				GCC_NO_COMMON_BLOCKS = YES;
				GCC_OPTIMIZATION_LEVEL = 0;
				GCC_PREPROCESSOR_DEFINITIONS = (
					"DEBUG=1",
					"$(inherited)",
				);
				GCC_WARN_64_TO_32_BIT_CONVERSION = YES;
				GCC_WARN_ABOUT_RETURN_TYPE = YES_ERROR;
				GCC_WARN_UNDECLARED_SELECTOR = YES;
				GCC_WARN_UNINITIALIZED_AUTOS = YES_AGGRESSIVE;
				GCC_WARN_UNUSED_FUNCTION = YES;
				GCC_WARN_UNUSED_VARIABLE = YES;
				IPHONEOS_DEPLOYMENT_TARGET = 18.5;
				LOCALIZATION_PREFERS_STRING_CATALOGS = YES;
				MTL_ENABLE_DEBUG_INFO = INCLUDE_SOURCE;
				MTL_FAST_MATH = YES;
				ONLY_ACTIVE_ARCH = YES;
				SDKROOT = iphoneos;
				SWIFT_ACTIVE_COMPILATION_CONDITIONS = "DEBUG $(inherited)";
				SWIFT_OPTIMIZATION_LEVEL = "-Onone";
			};
			name = Debug;
		};
		14DBC8622E34F7B600DAD442 /* Release */ = {
			isa = XCBuildConfiguration;
			buildSettings = {
				ALWAYS_SEARCH_USER_PATHS = NO;
				ASSETCATALOG_COMPILER_GENERATE_SWIFT_ASSET_SYMBOL_EXTENSIONS = YES;
				CLANG_ANALYZER_NONNULL = YES;
				CLANG_ANALYZER_NUMBER_OBJECT_CONVERSION = YES_AGGRESSIVE;
				CLANG_CXX_LANGUAGE_STANDARD = "gnu++20";
				CLANG_ENABLE_MODULES = YES;
				CLANG_ENABLE_OBJC_ARC = YES;
				CLANG_ENABLE_OBJC_WEAK = YES;
				CLANG_WARN_BLOCK_CAPTURE_AUTORELEASING = YES;
				CLANG_WARN_BOOL_CONVERSION = YES;
				CLANG_WARN_COMMA = YES;
				CLANG_WARN_CONSTANT_CONVERSION = YES;
				CLANG_WARN_DEPRECATED_OBJC_IMPLEMENTATIONS = YES;
				CLANG_WARN_DIRECT_OBJC_ISA_USAGE = YES_ERROR;
				CLANG_WARN_DOCUMENTATION_COMMENTS = YES;
				CLANG_WARN_EMPTY_BODY = YES;
				CLANG_WARN_ENUM_CONVERSION = YES;
				CLANG_WARN_INFINITE_RECURSION = YES;
				CLANG_WARN_INT_CONVERSION = YES;
				CLANG_WARN_NON_LITERAL_NULL_CONVERSION = YES;
				CLANG_WARN_OBJC_IMPLICIT_RETAIN_SELF = YES;
				CLANG_WARN_OBJC_LITERAL_CONVERSION = YES;
				CLANG_WARN_OBJC_ROOT_CLASS = YES_ERROR;
				CLANG_WARN_QUOTED_INCLUDE_IN_FRAMEWORK_HEADER = YES;
				CLANG_WARN_RANGE_LOOP_ANALYSIS = YES;
				CLANG_WARN_STRICT_PROTOTYPES = YES;
				CLANG_WARN_SUSPICIOUS_MOVE = YES;
				CLANG_WARN_UNGUARDED_AVAILABILITY = YES_AGGRESSIVE;
				CLANG_WARN_UNREACHABLE_CODE = YES;
				CLANG_WARN__DUPLICATE_METHOD_MATCH = YES;
				COPY_PHASE_STRIP = NO;
				DEBUG_INFORMATION_FORMAT = "dwarf-with-dsym";
				DEVELOPMENT_TEAM = 4W55VW7UXX;
				ENABLE_NS_ASSERTIONS = NO;
				ENABLE_STRICT_OBJC_MSGSEND = YES;
				ENABLE_USER_SCRIPT_SANDBOXING = YES;
				GCC_C_LANGUAGE_STANDARD = gnu17;
				GCC_NO_COMMON_BLOCKS = YES;
				GCC_WARN_64_TO_32_BIT_CONVERSION = YES;
				GCC_WARN_ABOUT_RETURN_TYPE = YES_ERROR;
				GCC_WARN_UNDECLARED_SELECTOR = YES;
				GCC_WARN_UNINITIALIZED_AUTOS = YES_AGGRESSIVE;
				GCC_WARN_UNUSED_FUNCTION = YES;
				GCC_WARN_UNUSED_VARIABLE = YES;
				IPHONEOS_DEPLOYMENT_TARGET = 18.5;
				LOCALIZATION_PREFERS_STRING_CATALOGS = YES;
				MTL_ENABLE_DEBUG_INFO = NO;
				MTL_FAST_MATH = YES;
				SDKROOT = iphoneos;
				SWIFT_COMPILATION_MODE = wholemodule;
				VALIDATE_PRODUCT = YES;
			};
			name = Release;
		};
		14DBC8642E34F7B600DAD442 /* Debug */ = {
			isa = XCBuildConfiguration;
			buildSettings = {
				ASSETCATALOG_COMPILER_APPICON_NAME = AppIcon;
				ASSETCATALOG_COMPILER_GLOBAL_ACCENT_COLOR_NAME = AccentColor;
				CODE_SIGN_STYLE = Automatic;
				CURRENT_PROJECT_VERSION = 1;
				DEVELOPMENT_TEAM = 4W55VW7UXX;
				ENABLE_PREVIEWS = YES;
				GENERATE_INFOPLIST_FILE = NO;
				"INFOPLIST_FILE[sdk=iphone*]" = "Audio Journal/Info.plist";
				INFOPLIST_KEY_UIApplicationSceneManifest_Generation = YES;
				INFOPLIST_KEY_UIApplicationSupportsIndirectInputEvents = YES;
				INFOPLIST_KEY_UILaunchScreen_Generation = YES;
				INFOPLIST_KEY_UISupportedInterfaceOrientations_iPad = "UIInterfaceOrientationPortrait UIInterfaceOrientationPortraitUpsideDown UIInterfaceOrientationLandscapeLeft UIInterfaceOrientationLandscapeRight";
				INFOPLIST_KEY_UISupportedInterfaceOrientations_iPhone = "UIInterfaceOrientationPortrait UIInterfaceOrientationLandscapeLeft UIInterfaceOrientationLandscapeRight";
				LD_RUNPATH_SEARCH_PATHS = (
					"$(inherited)",
					"@executable_path/Frameworks",
				);
				MARKETING_VERSION = 1.0;
				PRODUCT_BUNDLE_IDENTIFIER = "Bison-Networking.BisonNotes-AI";
				PRODUCT_NAME = "BisonNotes AI";
				SWIFT_EMIT_LOC_STRINGS = YES;
				SWIFT_VERSION = 5.0;
				TARGETED_DEVICE_FAMILY = "1,2";
			};
			name = Debug;
		};
		14DBC8652E34F7B600DAD442 /* Release */ = {
			isa = XCBuildConfiguration;
			buildSettings = {
				ASSETCATALOG_COMPILER_APPICON_NAME = AppIcon;
				ASSETCATALOG_COMPILER_GLOBAL_ACCENT_COLOR_NAME = AccentColor;
				CODE_SIGN_STYLE = Automatic;
				CURRENT_PROJECT_VERSION = 1;
				DEVELOPMENT_TEAM = 4W55VW7UXX;
				ENABLE_PREVIEWS = YES;
				GENERATE_INFOPLIST_FILE = NO;
				"INFOPLIST_FILE[sdk=iphone*]" = "Audio Journal/Info.plist";
				INFOPLIST_KEY_UIApplicationSceneManifest_Generation = YES;
				INFOPLIST_KEY_UIApplicationSupportsIndirectInputEvents = YES;
				INFOPLIST_KEY_UILaunchScreen_Generation = YES;
				INFOPLIST_KEY_UISupportedInterfaceOrientations_iPad = "UIInterfaceOrientationPortrait UIInterfaceOrientationPortraitUpsideDown UIInterfaceOrientationLandscapeLeft UIInterfaceOrientationLandscapeRight";
				INFOPLIST_KEY_UISupportedInterfaceOrientations_iPhone = "UIInterfaceOrientationPortrait UIInterfaceOrientationLandscapeLeft UIInterfaceOrientationLandscapeRight";
				LD_RUNPATH_SEARCH_PATHS = (
					"$(inherited)",
					"@executable_path/Frameworks",
				);
				MARKETING_VERSION = 1.0;
				PRODUCT_BUNDLE_IDENTIFIER = "Bison-Networking.BisonNotes-AI";
				PRODUCT_NAME = "BisonNotes AI";
				SWIFT_EMIT_LOC_STRINGS = YES;
				SWIFT_VERSION = 5.0;
				TARGETED_DEVICE_FAMILY = "1,2";
			};
			name = Release;
		};
		14DBC8672E34F7B600DAD442 /* Debug */ = {
			isa = XCBuildConfiguration;
			buildSettings = {
				BUNDLE_LOADER = "$(TEST_HOST)";
				CODE_SIGN_STYLE = Automatic;
				CURRENT_PROJECT_VERSION = 1;
				DEVELOPMENT_TEAM = 4W55VW7UXX;
				GENERATE_INFOPLIST_FILE = YES;
				IPHONEOS_DEPLOYMENT_TARGET = 18.5;
				MARKETING_VERSION = 1.0;
				PRODUCT_BUNDLE_IDENTIFIER = "Bison-Networking.Audio-JournalTests";
				PRODUCT_NAME = "$(TARGET_NAME)";
				SWIFT_EMIT_LOC_STRINGS = NO;
				SWIFT_VERSION = 5.0;
				TARGETED_DEVICE_FAMILY = "1,2";
				TEST_HOST = "$(BUILT_PRODUCTS_DIR)/Audio Journal.app/$(BUNDLE_EXECUTABLE_FOLDER_PATH)/Audio Journal";
			};
			name = Debug;
		};
		14DBC8682E34F7B600DAD442 /* Release */ = {
			isa = XCBuildConfiguration;
			buildSettings = {
				BUNDLE_LOADER = "$(TEST_HOST)";
				CODE_SIGN_STYLE = Automatic;
				CURRENT_PROJECT_VERSION = 1;
				DEVELOPMENT_TEAM = 4W55VW7UXX;
				GENERATE_INFOPLIST_FILE = YES;
				IPHONEOS_DEPLOYMENT_TARGET = 18.5;
				MARKETING_VERSION = 1.0;
				PRODUCT_BUNDLE_IDENTIFIER = "Bison-Networking.Audio-JournalTests";
				PRODUCT_NAME = "$(TARGET_NAME)";
				SWIFT_EMIT_LOC_STRINGS = NO;
				SWIFT_VERSION = 5.0;
				TARGETED_DEVICE_FAMILY = "1,2";
				TEST_HOST = "$(BUILT_PRODUCTS_DIR)/Audio Journal.app/$(BUNDLE_EXECUTABLE_FOLDER_PATH)/Audio Journal";
			};
			name = Release;
		};
		14DBC86A2E34F7B600DAD442 /* Debug */ = {
			isa = XCBuildConfiguration;
			buildSettings = {
				CODE_SIGN_STYLE = Automatic;
				CURRENT_PROJECT_VERSION = 1;
				DEVELOPMENT_TEAM = 4W55VW7UXX;
				GENERATE_INFOPLIST_FILE = YES;
				MARKETING_VERSION = 1.0;
				PRODUCT_BUNDLE_IDENTIFIER = "Bison-Networking.Audio-JournalUITests";
				PRODUCT_NAME = "$(TARGET_NAME)";
				SWIFT_EMIT_LOC_STRINGS = NO;
				SWIFT_VERSION = 5.0;
				TARGETED_DEVICE_FAMILY = "1,2";
				TEST_TARGET_NAME = "Audio Journal";
			};
			name = Debug;
		};
		14DBC86B2E34F7B600DAD442 /* Release */ = {
			isa = XCBuildConfiguration;
			buildSettings = {
				CODE_SIGN_STYLE = Automatic;
				CURRENT_PROJECT_VERSION = 1;
				DEVELOPMENT_TEAM = 4W55VW7UXX;
				GENERATE_INFOPLIST_FILE = YES;
				MARKETING_VERSION = 1.0;
				PRODUCT_BUNDLE_IDENTIFIER = "Bison-Networking.Audio-JournalUITests";
				PRODUCT_NAME = "$(TARGET_NAME)";
				SWIFT_EMIT_LOC_STRINGS = NO;
				SWIFT_VERSION = 5.0;
				TARGETED_DEVICE_FAMILY = "1,2";
				TEST_TARGET_NAME = "Audio Journal";
			};
			name = Release;
		};
/* End XCBuildConfiguration section */

/* Begin XCConfigurationList section */
		14DBC8382E34F7B500DAD442 /* Build configuration list for PBXProject "Audio Journal" */ = {
			isa = XCConfigurationList;
			buildConfigurations = (
				14DBC8612E34F7B600DAD442 /* Debug */,
				14DBC8622E34F7B600DAD442 /* Release */,
			);
			defaultConfigurationIsVisible = 0;
			defaultConfigurationName = Release;
		};
		14DBC8632E34F7B600DAD442 /* Build configuration list for PBXNativeTarget "Audio Journal" */ = {
			isa = XCConfigurationList;
			buildConfigurations = (
				14DBC8642E34F7B600DAD442 /* Debug */,
				14DBC8652E34F7B600DAD442 /* Release */,
			);
			defaultConfigurationIsVisible = 0;
			defaultConfigurationName = Release;
		};
		14DBC8662E34F7B600DAD442 /* Build configuration list for PBXNativeTarget "Audio JournalTests" */ = {
			isa = XCConfigurationList;
			buildConfigurations = (
				14DBC8672E34F7B600DAD442 /* Debug */,
				14DBC8682E34F7B600DAD442 /* Release */,
			);
			defaultConfigurationIsVisible = 0;
			defaultConfigurationName = Release;
		};
		14DBC8692E34F7B600DAD442 /* Build configuration list for PBXNativeTarget "Audio JournalUITests" */ = {
			isa = XCConfigurationList;
			buildConfigurations = (
				14DBC86A2E34F7B600DAD442 /* Debug */,
				14DBC86B2E34F7B600DAD442 /* Release */,
			);
			defaultConfigurationIsVisible = 0;
			defaultConfigurationName = Release;
		};
/* End XCConfigurationList section */
	};
	rootObject = 14DBC8352E34F7B500DAD442 /* Project object */;
}
